
Microsoft Visual Studio Solution File, Format Version 11.00
# Visual Studio 2010
Project("{FAE04EC0-301F-11D3-BF4B-00C04F79EFBC}") = "SmartWorking.Office.Model", "SmartWorking.Office.Model\SmartWorking.Office.Model.csproj", "{C37ADC1F-A2E5-4B2A-862E-D6B6BF764D9D}"
EndProject
Project("{FAE04EC0-301F-11D3-BF4B-00C04F79EFBC}") = "SmartWorking.Office.Entities", "SmartWorking.Office.Entities\SmartWorking.Office.Entities.csproj", "{461DE786-E812-450C-8575-9133283EE858}"
EndProject
Project("{FAE04EC0-301F-11D3-BF4B-00C04F79EFBC}") = "SmartWorking.Office.Gui", "SmartWorking.Office.Gui\SmartWorking.Office.Gui.csproj", "{E43D35DA-9516-4AF4-9FE6-CCFBB0514FE4}"
EndProject
Project("{FAE04EC0-301F-11D3-BF4B-00C04F79EFBC}") = "SmartWorking.Office.Services.Interfaces", "SmartWorking.Office.Services.Interfaces\SmartWorking.Office.Services.Interfaces.csproj", "{B6945818-7C7E-4AA8-9837-2290E7E1E64B}"
EndProject
Project("{FAE04EC0-301F-11D3-BF4B-00C04F79EFBC}") = "SmartWorking.Office.Services.Hosting.Local", "SmartWorking.Office.Services.Hosting.Local\SmartWorking.Office.Services.Hosting.Local.csproj", "{E5B33342-BD5F-4916-942D-63F342045C7C}"
EndProject
Project("{FAE04EC0-301F-11D3-BF4B-00C04F79EFBC}") = "SmartWorking.Office.Services.Hosting.IIS", "SmartWorking.Office.Services.Hosting.IIS\SmartWorking.Office.Services.Hosting.IIS.csproj", "{CE14832B-0F8E-429B-8605-A076BF68A3FB}"
EndProject
Project("{FAE04EC0-301F-11D3-BF4B-00C04F79EFBC}") = "SmartWorking.Office.Services.Factory.Local", "SmartWorking.Office.Services.Factory.Local\SmartWorking.Office.Services.Factory.Local.csproj", "{ED50F2E1-5142-436A-9E47-64A5E954D7AA}"
EndProject
Project("{FAE04EC0-301F-11D3-BF4B-00C04F79EFBC}") = "SmartWorking.Office.Services.Factory.IIS", "SmartWorking.Office.Services.Factory.IIS\SmartWorking.Office.Services.Factory.IIS.csproj", "{14081C14-0821-448F-886F-ABD83B8E7237}"
EndProject
Project("{FAE04EC0-301F-11D3-BF4B-00C04F79EFBC}") = "SmartWorking.Office.PrimitiveEntities", "SmartWorking.Office.PrimitiveEntities\SmartWorking.Office.PrimitiveEntities.csproj", "{75E10916-6E7E-4042-9B5A-BE53BAC74992}"
EndProject
Project("{FAE04EC0-301F-11D3-BF4B-00C04F79EFBC}") = "SmartWorking.Office.TabsGui", "SmartWorking.Office.TabsGui\SmartWorking.Office.TabsGui.csproj", "{D868BCCD-CE6B-4F16-BF86-01DAD979A356}"
EndProject
Global
	GlobalSection(SolutionConfigurationPlatforms) = preSolution
		Debug|Any CPU = Debug|Any CPU
		Debug|Mixed Platforms = Debug|Mixed Platforms
		Debug|x86 = Debug|x86
		DebugIISLocal|Any CPU = DebugIISLocal|Any CPU
		DebugIISLocal|Mixed Platforms = DebugIISLocal|Mixed Platforms
		DebugIISLocal|x86 = DebugIISLocal|x86
		DebugIISSomee|Any CPU = DebugIISSomee|Any CPU
		DebugIISSomee|Mixed Platforms = DebugIISSomee|Mixed Platforms
		DebugIISSomee|x86 = DebugIISSomee|x86
		DebugLocalSomee|Any CPU = DebugLocalSomee|Any CPU
		DebugLocalSomee|Mixed Platforms = DebugLocalSomee|Mixed Platforms
		DebugLocalSomee|x86 = DebugLocalSomee|x86
		Release|Any CPU = Release|Any CPU
		Release|Mixed Platforms = Release|Mixed Platforms
		Release|x86 = Release|x86
	EndGlobalSection
	GlobalSection(ProjectConfigurationPlatforms) = postSolution
		{C37ADC1F-A2E5-4B2A-862E-D6B6BF764D9D}.Debug|Any CPU.ActiveCfg = Debug|Any CPU
		{C37ADC1F-A2E5-4B2A-862E-D6B6BF764D9D}.Debug|Any CPU.Build.0 = Debug|Any CPU
		{C37ADC1F-A2E5-4B2A-862E-D6B6BF764D9D}.Debug|Mixed Platforms.ActiveCfg = Debug|Any CPU
		{C37ADC1F-A2E5-4B2A-862E-D6B6BF764D9D}.Debug|Mixed Platforms.Build.0 = Debug|Any CPU
		{C37ADC1F-A2E5-4B2A-862E-D6B6BF764D9D}.Debug|x86.ActiveCfg = Debug|Any CPU
		{C37ADC1F-A2E5-4B2A-862E-D6B6BF764D9D}.DebugIISLocal|Any CPU.ActiveCfg = Debug|Any CPU
		{C37ADC1F-A2E5-4B2A-862E-D6B6BF764D9D}.DebugIISLocal|Any CPU.Build.0 = Debug|Any CPU
		{C37ADC1F-A2E5-4B2A-862E-D6B6BF764D9D}.DebugIISLocal|Mixed Platforms.ActiveCfg = Debug|Any CPU
		{C37ADC1F-A2E5-4B2A-862E-D6B6BF764D9D}.DebugIISLocal|Mixed Platforms.Build.0 = Debug|Any CPU
		{C37ADC1F-A2E5-4B2A-862E-D6B6BF764D9D}.DebugIISLocal|x86.ActiveCfg = Debug|Any CPU
		{C37ADC1F-A2E5-4B2A-862E-D6B6BF764D9D}.DebugIISSomee|Any CPU.ActiveCfg = Debug|Any CPU
		{C37ADC1F-A2E5-4B2A-862E-D6B6BF764D9D}.DebugIISSomee|Any CPU.Build.0 = Debug|Any CPU
		{C37ADC1F-A2E5-4B2A-862E-D6B6BF764D9D}.DebugIISSomee|Mixed Platforms.ActiveCfg = Debug|Any CPU
		{C37ADC1F-A2E5-4B2A-862E-D6B6BF764D9D}.DebugIISSomee|Mixed Platforms.Build.0 = Debug|Any CPU
		{C37ADC1F-A2E5-4B2A-862E-D6B6BF764D9D}.DebugIISSomee|x86.ActiveCfg = Debug|Any CPU
		{C37ADC1F-A2E5-4B2A-862E-D6B6BF764D9D}.DebugLocalSomee|Any CPU.ActiveCfg = Debug|Any CPU
		{C37ADC1F-A2E5-4B2A-862E-D6B6BF764D9D}.DebugLocalSomee|Any CPU.Build.0 = Debug|Any CPU
		{C37ADC1F-A2E5-4B2A-862E-D6B6BF764D9D}.DebugLocalSomee|Mixed Platforms.ActiveCfg = Debug|Any CPU
		{C37ADC1F-A2E5-4B2A-862E-D6B6BF764D9D}.DebugLocalSomee|Mixed Platforms.Build.0 = Debug|Any CPU
		{C37ADC1F-A2E5-4B2A-862E-D6B6BF764D9D}.DebugLocalSomee|x86.ActiveCfg = Debug|Any CPU
		{C37ADC1F-A2E5-4B2A-862E-D6B6BF764D9D}.Release|Any CPU.ActiveCfg = Release|Any CPU
		{C37ADC1F-A2E5-4B2A-862E-D6B6BF764D9D}.Release|Any CPU.Build.0 = Release|Any CPU
		{C37ADC1F-A2E5-4B2A-862E-D6B6BF764D9D}.Release|Mixed Platforms.ActiveCfg = Release|Any CPU
		{C37ADC1F-A2E5-4B2A-862E-D6B6BF764D9D}.Release|Mixed Platforms.Build.0 = Release|Any CPU
		{C37ADC1F-A2E5-4B2A-862E-D6B6BF764D9D}.Release|x86.ActiveCfg = Release|Any CPU
		{461DE786-E812-450C-8575-9133283EE858}.Debug|Any CPU.ActiveCfg = Debug|Any CPU
		{461DE786-E812-450C-8575-9133283EE858}.Debug|Any CPU.Build.0 = Debug|Any CPU
		{461DE786-E812-450C-8575-9133283EE858}.Debug|Mixed Platforms.ActiveCfg = Debug|Any CPU
		{461DE786-E812-450C-8575-9133283EE858}.Debug|Mixed Platforms.Build.0 = Debug|Any CPU
		{461DE786-E812-450C-8575-9133283EE858}.Debug|x86.ActiveCfg = Debug|Any CPU
		{461DE786-E812-450C-8575-9133283EE858}.DebugIISLocal|Any CPU.ActiveCfg = Debug|Any CPU
		{461DE786-E812-450C-8575-9133283EE858}.DebugIISLocal|Any CPU.Build.0 = Debug|Any CPU
		{461DE786-E812-450C-8575-9133283EE858}.DebugIISLocal|Mixed Platforms.ActiveCfg = Debug|Any CPU
		{461DE786-E812-450C-8575-9133283EE858}.DebugIISLocal|Mixed Platforms.Build.0 = Debug|Any CPU
		{461DE786-E812-450C-8575-9133283EE858}.DebugIISLocal|x86.ActiveCfg = Debug|Any CPU
		{461DE786-E812-450C-8575-9133283EE858}.DebugIISSomee|Any CPU.ActiveCfg = Debug|Any CPU
		{461DE786-E812-450C-8575-9133283EE858}.DebugIISSomee|Any CPU.Build.0 = Debug|Any CPU
		{461DE786-E812-450C-8575-9133283EE858}.DebugIISSomee|Mixed Platforms.ActiveCfg = Debug|Any CPU
		{461DE786-E812-450C-8575-9133283EE858}.DebugIISSomee|Mixed Platforms.Build.0 = Debug|Any CPU
		{461DE786-E812-450C-8575-9133283EE858}.DebugIISSomee|x86.ActiveCfg = Debug|Any CPU
		{461DE786-E812-450C-8575-9133283EE858}.DebugLocalSomee|Any CPU.ActiveCfg = Debug|Any CPU
		{461DE786-E812-450C-8575-9133283EE858}.DebugLocalSomee|Any CPU.Build.0 = Debug|Any CPU
		{461DE786-E812-450C-8575-9133283EE858}.DebugLocalSomee|Mixed Platforms.ActiveCfg = Debug|Any CPU
		{461DE786-E812-450C-8575-9133283EE858}.DebugLocalSomee|Mixed Platforms.Build.0 = Debug|Any CPU
		{461DE786-E812-450C-8575-9133283EE858}.DebugLocalSomee|x86.ActiveCfg = Debug|Any CPU
		{461DE786-E812-450C-8575-9133283EE858}.Release|Any CPU.ActiveCfg = Release|Any CPU
		{461DE786-E812-450C-8575-9133283EE858}.Release|Any CPU.Build.0 = Release|Any CPU
		{461DE786-E812-450C-8575-9133283EE858}.Release|Mixed Platforms.ActiveCfg = Release|Any CPU
		{461DE786-E812-450C-8575-9133283EE858}.Release|Mixed Platforms.Build.0 = Release|Any CPU
		{461DE786-E812-450C-8575-9133283EE858}.Release|x86.ActiveCfg = Release|Any CPU
		{E43D35DA-9516-4AF4-9FE6-CCFBB0514FE4}.Debug|Any CPU.ActiveCfg = Debug|x86
		{E43D35DA-9516-4AF4-9FE6-CCFBB0514FE4}.Debug|Mixed Platforms.ActiveCfg = Debug|x86
		{E43D35DA-9516-4AF4-9FE6-CCFBB0514FE4}.Debug|Mixed Platforms.Build.0 = Debug|x86
		{E43D35DA-9516-4AF4-9FE6-CCFBB0514FE4}.Debug|x86.ActiveCfg = Debug|x86
		{E43D35DA-9516-4AF4-9FE6-CCFBB0514FE4}.Debug|x86.Build.0 = Debug|x86
		{E43D35DA-9516-4AF4-9FE6-CCFBB0514FE4}.DebugIISLocal|Any CPU.ActiveCfg = Debug|x86
		{E43D35DA-9516-4AF4-9FE6-CCFBB0514FE4}.DebugIISLocal|Mixed Platforms.ActiveCfg = DebugIISLocal|x86
		{E43D35DA-9516-4AF4-9FE6-CCFBB0514FE4}.DebugIISLocal|Mixed Platforms.Build.0 = DebugIISLocal|x86
		{E43D35DA-9516-4AF4-9FE6-CCFBB0514FE4}.DebugIISLocal|x86.ActiveCfg = Debug|x86
		{E43D35DA-9516-4AF4-9FE6-CCFBB0514FE4}.DebugIISLocal|x86.Build.0 = Debug|x86
		{E43D35DA-9516-4AF4-9FE6-CCFBB0514FE4}.DebugIISSomee|Any CPU.ActiveCfg = DebugIISSomee|x86
		{E43D35DA-9516-4AF4-9FE6-CCFBB0514FE4}.DebugIISSomee|Mixed Platforms.ActiveCfg = DebugIISSomee|x86
		{E43D35DA-9516-4AF4-9FE6-CCFBB0514FE4}.DebugIISSomee|Mixed Platforms.Build.0 = DebugIISSomee|x86
		{E43D35DA-9516-4AF4-9FE6-CCFBB0514FE4}.DebugIISSomee|x86.ActiveCfg = DebugIISSomee|x86
		{E43D35DA-9516-4AF4-9FE6-CCFBB0514FE4}.DebugIISSomee|x86.Build.0 = DebugIISSomee|x86
		{E43D35DA-9516-4AF4-9FE6-CCFBB0514FE4}.DebugLocalSomee|Any CPU.ActiveCfg = DebugLocalSomee|x86
		{E43D35DA-9516-4AF4-9FE6-CCFBB0514FE4}.DebugLocalSomee|Mixed Platforms.ActiveCfg = DebugLocalSomee|x86
		{E43D35DA-9516-4AF4-9FE6-CCFBB0514FE4}.DebugLocalSomee|Mixed Platforms.Build.0 = DebugLocalSomee|x86
		{E43D35DA-9516-4AF4-9FE6-CCFBB0514FE4}.DebugLocalSomee|x86.ActiveCfg = DebugLocalSomee|x86
		{E43D35DA-9516-4AF4-9FE6-CCFBB0514FE4}.DebugLocalSomee|x86.Build.0 = DebugLocalSomee|x86
		{E43D35DA-9516-4AF4-9FE6-CCFBB0514FE4}.Release|Any CPU.ActiveCfg = Release|x86
		{E43D35DA-9516-4AF4-9FE6-CCFBB0514FE4}.Release|Mixed Platforms.ActiveCfg = Release|x86
		{E43D35DA-9516-4AF4-9FE6-CCFBB0514FE4}.Release|Mixed Platforms.Build.0 = Release|x86
		{E43D35DA-9516-4AF4-9FE6-CCFBB0514FE4}.Release|x86.ActiveCfg = Release|x86
		{E43D35DA-9516-4AF4-9FE6-CCFBB0514FE4}.Release|x86.Build.0 = Release|x86
		{B6945818-7C7E-4AA8-9837-2290E7E1E64B}.Debug|Any CPU.ActiveCfg = Debug|Any CPU
		{B6945818-7C7E-4AA8-9837-2290E7E1E64B}.Debug|Any CPU.Build.0 = Debug|Any CPU
		{B6945818-7C7E-4AA8-9837-2290E7E1E64B}.Debug|Mixed Platforms.ActiveCfg = Debug|Any CPU
		{B6945818-7C7E-4AA8-9837-2290E7E1E64B}.Debug|Mixed Platforms.Build.0 = Debug|Any CPU
		{B6945818-7C7E-4AA8-9837-2290E7E1E64B}.Debug|x86.ActiveCfg = Debug|Any CPU
		{B6945818-7C7E-4AA8-9837-2290E7E1E64B}.DebugIISLocal|Any CPU.ActiveCfg = Debug|Any CPU
		{B6945818-7C7E-4AA8-9837-2290E7E1E64B}.DebugIISLocal|Any CPU.Build.0 = Debug|Any CPU
		{B6945818-7C7E-4AA8-9837-2290E7E1E64B}.DebugIISLocal|Mixed Platforms.ActiveCfg = Debug|Any CPU
		{B6945818-7C7E-4AA8-9837-2290E7E1E64B}.DebugIISLocal|Mixed Platforms.Build.0 = Debug|Any CPU
		{B6945818-7C7E-4AA8-9837-2290E7E1E64B}.DebugIISLocal|x86.ActiveCfg = Debug|Any CPU
		{B6945818-7C7E-4AA8-9837-2290E7E1E64B}.DebugIISSomee|Any CPU.ActiveCfg = Debug|Any CPU
		{B6945818-7C7E-4AA8-9837-2290E7E1E64B}.DebugIISSomee|Any CPU.Build.0 = Debug|Any CPU
		{B6945818-7C7E-4AA8-9837-2290E7E1E64B}.DebugIISSomee|Mixed Platforms.ActiveCfg = Debug|Any CPU
		{B6945818-7C7E-4AA8-9837-2290E7E1E64B}.DebugIISSomee|Mixed Platforms.Build.0 = Debug|Any CPU
		{B6945818-7C7E-4AA8-9837-2290E7E1E64B}.DebugIISSomee|x86.ActiveCfg = Debug|Any CPU
		{B6945818-7C7E-4AA8-9837-2290E7E1E64B}.DebugLocalSomee|Any CPU.ActiveCfg = Debug|Any CPU
		{B6945818-7C7E-4AA8-9837-2290E7E1E64B}.DebugLocalSomee|Any CPU.Build.0 = Debug|Any CPU
		{B6945818-7C7E-4AA8-9837-2290E7E1E64B}.DebugLocalSomee|Mixed Platforms.ActiveCfg = Debug|Any CPU
		{B6945818-7C7E-4AA8-9837-2290E7E1E64B}.DebugLocalSomee|Mixed Platforms.Build.0 = Debug|Any CPU
		{B6945818-7C7E-4AA8-9837-2290E7E1E64B}.DebugLocalSomee|x86.ActiveCfg = Debug|Any CPU
		{B6945818-7C7E-4AA8-9837-2290E7E1E64B}.Release|Any CPU.ActiveCfg = Release|Any CPU
		{B6945818-7C7E-4AA8-9837-2290E7E1E64B}.Release|Any CPU.Build.0 = Release|Any CPU
		{B6945818-7C7E-4AA8-9837-2290E7E1E64B}.Release|Mixed Platforms.ActiveCfg = Release|Any CPU
		{B6945818-7C7E-4AA8-9837-2290E7E1E64B}.Release|Mixed Platforms.Build.0 = Release|Any CPU
		{B6945818-7C7E-4AA8-9837-2290E7E1E64B}.Release|x86.ActiveCfg = Release|Any CPU
		{E5B33342-BD5F-4916-942D-63F342045C7C}.Debug|Any CPU.ActiveCfg = Debug|Any CPU
		{E5B33342-BD5F-4916-942D-63F342045C7C}.Debug|Any CPU.Build.0 = Debug|Any CPU
		{E5B33342-BD5F-4916-942D-63F342045C7C}.Debug|Mixed Platforms.ActiveCfg = Debug|Any CPU
		{E5B33342-BD5F-4916-942D-63F342045C7C}.Debug|Mixed Platforms.Build.0 = Debug|Any CPU
		{E5B33342-BD5F-4916-942D-63F342045C7C}.Debug|x86.ActiveCfg = Debug|Any CPU
		{E5B33342-BD5F-4916-942D-63F342045C7C}.DebugIISLocal|Any CPU.ActiveCfg = Debug|Any CPU
		{E5B33342-BD5F-4916-942D-63F342045C7C}.DebugIISLocal|Any CPU.Build.0 = Debug|Any CPU
		{E5B33342-BD5F-4916-942D-63F342045C7C}.DebugIISLocal|Mixed Platforms.ActiveCfg = DebugIISLocal|Any CPU
		{E5B33342-BD5F-4916-942D-63F342045C7C}.DebugIISLocal|Mixed Platforms.Build.0 = DebugIISLocal|Any CPU
		{E5B33342-BD5F-4916-942D-63F342045C7C}.DebugIISLocal|x86.ActiveCfg = Debug|Any CPU
		{E5B33342-BD5F-4916-942D-63F342045C7C}.DebugIISSomee|Any CPU.ActiveCfg = Debug|Any CPU
		{E5B33342-BD5F-4916-942D-63F342045C7C}.DebugIISSomee|Any CPU.Build.0 = Debug|Any CPU
		{E5B33342-BD5F-4916-942D-63F342045C7C}.DebugIISSomee|Mixed Platforms.ActiveCfg = DebugIISSomee|Any CPU
		{E5B33342-BD5F-4916-942D-63F342045C7C}.DebugIISSomee|Mixed Platforms.Build.0 = DebugIISSomee|Any CPU
		{E5B33342-BD5F-4916-942D-63F342045C7C}.DebugIISSomee|x86.ActiveCfg = Debug|Any CPU
		{E5B33342-BD5F-4916-942D-63F342045C7C}.DebugLocalSomee|Any CPU.ActiveCfg = Debug|Any CPU
		{E5B33342-BD5F-4916-942D-63F342045C7C}.DebugLocalSomee|Any CPU.Build.0 = Debug|Any CPU
		{E5B33342-BD5F-4916-942D-63F342045C7C}.DebugLocalSomee|Mixed Platforms.ActiveCfg = DebugLocalSomee|Any CPU
		{E5B33342-BD5F-4916-942D-63F342045C7C}.DebugLocalSomee|Mixed Platforms.Build.0 = DebugLocalSomee|Any CPU
		{E5B33342-BD5F-4916-942D-63F342045C7C}.DebugLocalSomee|x86.ActiveCfg = Debug|Any CPU
		{E5B33342-BD5F-4916-942D-63F342045C7C}.Release|Any CPU.ActiveCfg = Release|Any CPU
		{E5B33342-BD5F-4916-942D-63F342045C7C}.Release|Any CPU.Build.0 = Release|Any CPU
		{E5B33342-BD5F-4916-942D-63F342045C7C}.Release|Mixed Platforms.ActiveCfg = Release|Any CPU
		{E5B33342-BD5F-4916-942D-63F342045C7C}.Release|Mixed Platforms.Build.0 = Release|Any CPU
		{E5B33342-BD5F-4916-942D-63F342045C7C}.Release|x86.ActiveCfg = Release|Any CPU
		{CE14832B-0F8E-429B-8605-A076BF68A3FB}.Debug|Any CPU.ActiveCfg = Debug|Any CPU
		{CE14832B-0F8E-429B-8605-A076BF68A3FB}.Debug|Any CPU.Build.0 = Debug|Any CPU
		{CE14832B-0F8E-429B-8605-A076BF68A3FB}.Debug|Mixed Platforms.ActiveCfg = Debug|Any CPU
		{CE14832B-0F8E-429B-8605-A076BF68A3FB}.Debug|Mixed Platforms.Build.0 = Debug|Any CPU
		{CE14832B-0F8E-429B-8605-A076BF68A3FB}.Debug|x86.ActiveCfg = Debug|Any CPU
		{CE14832B-0F8E-429B-8605-A076BF68A3FB}.DebugIISLocal|Any CPU.ActiveCfg = Debug|Any CPU
		{CE14832B-0F8E-429B-8605-A076BF68A3FB}.DebugIISLocal|Any CPU.Build.0 = Debug|Any CPU
		{CE14832B-0F8E-429B-8605-A076BF68A3FB}.DebugIISLocal|Mixed Platforms.ActiveCfg = DebugIISLocal|Any CPU
		{CE14832B-0F8E-429B-8605-A076BF68A3FB}.DebugIISLocal|Mixed Platforms.Build.0 = DebugIISLocal|Any CPU
		{CE14832B-0F8E-429B-8605-A076BF68A3FB}.DebugIISLocal|x86.ActiveCfg = Debug|Any CPU
		{CE14832B-0F8E-429B-8605-A076BF68A3FB}.DebugIISSomee|Any CPU.ActiveCfg = Debug|Any CPU
		{CE14832B-0F8E-429B-8605-A076BF68A3FB}.DebugIISSomee|Any CPU.Build.0 = Debug|Any CPU
		{CE14832B-0F8E-429B-8605-A076BF68A3FB}.DebugIISSomee|Mixed Platforms.ActiveCfg = DebugIISSomee|Any CPU
		{CE14832B-0F8E-429B-8605-A076BF68A3FB}.DebugIISSomee|Mixed Platforms.Build.0 = DebugIISSomee|Any CPU
		{CE14832B-0F8E-429B-8605-A076BF68A3FB}.DebugIISSomee|x86.ActiveCfg = Debug|Any CPU
		{CE14832B-0F8E-429B-8605-A076BF68A3FB}.DebugLocalSomee|Any CPU.ActiveCfg = Debug|Any CPU
		{CE14832B-0F8E-429B-8605-A076BF68A3FB}.DebugLocalSomee|Any CPU.Build.0 = Debug|Any CPU
		{CE14832B-0F8E-429B-8605-A076BF68A3FB}.DebugLocalSomee|Mixed Platforms.ActiveCfg = DebugLocalSomee|Any CPU
		{CE14832B-0F8E-429B-8605-A076BF68A3FB}.DebugLocalSomee|Mixed Platforms.Build.0 = DebugLocalSomee|Any CPU
		{CE14832B-0F8E-429B-8605-A076BF68A3FB}.DebugLocalSomee|x86.ActiveCfg = Debug|Any CPU
		{CE14832B-0F8E-429B-8605-A076BF68A3FB}.Release|Any CPU.ActiveCfg = Release|Any CPU
		{CE14832B-0F8E-429B-8605-A076BF68A3FB}.Release|Any CPU.Build.0 = Release|Any CPU
		{CE14832B-0F8E-429B-8605-A076BF68A3FB}.Release|Mixed Platforms.ActiveCfg = Release|Any CPU
		{CE14832B-0F8E-429B-8605-A076BF68A3FB}.Release|Mixed Platforms.Build.0 = Release|Any CPU
		{CE14832B-0F8E-429B-8605-A076BF68A3FB}.Release|x86.ActiveCfg = Release|Any CPU
		{ED50F2E1-5142-436A-9E47-64A5E954D7AA}.Debug|Any CPU.ActiveCfg = Debug|Any CPU
		{ED50F2E1-5142-436A-9E47-64A5E954D7AA}.Debug|Any CPU.Build.0 = Debug|Any CPU
		{ED50F2E1-5142-436A-9E47-64A5E954D7AA}.Debug|Mixed Platforms.ActiveCfg = Debug|Any CPU
		{ED50F2E1-5142-436A-9E47-64A5E954D7AA}.Debug|Mixed Platforms.Build.0 = Debug|Any CPU
		{ED50F2E1-5142-436A-9E47-64A5E954D7AA}.Debug|x86.ActiveCfg = Debug|Any CPU
		{ED50F2E1-5142-436A-9E47-64A5E954D7AA}.DebugIISLocal|Any CPU.ActiveCfg = Debug|Any CPU
		{ED50F2E1-5142-436A-9E47-64A5E954D7AA}.DebugIISLocal|Any CPU.Build.0 = Debug|Any CPU
		{ED50F2E1-5142-436A-9E47-64A5E954D7AA}.DebugIISLocal|Mixed Platforms.ActiveCfg = Debug|Any CPU
		{ED50F2E1-5142-436A-9E47-64A5E954D7AA}.DebugIISLocal|Mixed Platforms.Build.0 = Debug|Any CPU
		{ED50F2E1-5142-436A-9E47-64A5E954D7AA}.DebugIISLocal|x86.ActiveCfg = Debug|Any CPU
		{ED50F2E1-5142-436A-9E47-64A5E954D7AA}.DebugIISSomee|Any CPU.ActiveCfg = Debug|Any CPU
		{ED50F2E1-5142-436A-9E47-64A5E954D7AA}.DebugIISSomee|Any CPU.Build.0 = Debug|Any CPU
		{ED50F2E1-5142-436A-9E47-64A5E954D7AA}.DebugIISSomee|Mixed Platforms.ActiveCfg = Debug|Any CPU
		{ED50F2E1-5142-436A-9E47-64A5E954D7AA}.DebugIISSomee|Mixed Platforms.Build.0 = Debug|Any CPU
		{ED50F2E1-5142-436A-9E47-64A5E954D7AA}.DebugIISSomee|x86.ActiveCfg = Debug|Any CPU
		{ED50F2E1-5142-436A-9E47-64A5E954D7AA}.DebugLocalSomee|Any CPU.ActiveCfg = Debug|Any CPU
		{ED50F2E1-5142-436A-9E47-64A5E954D7AA}.DebugLocalSomee|Any CPU.Build.0 = Debug|Any CPU
		{ED50F2E1-5142-436A-9E47-64A5E954D7AA}.DebugLocalSomee|Mixed Platforms.ActiveCfg = Debug|Any CPU
		{ED50F2E1-5142-436A-9E47-64A5E954D7AA}.DebugLocalSomee|Mixed Platforms.Build.0 = Debug|Any CPU
		{ED50F2E1-5142-436A-9E47-64A5E954D7AA}.DebugLocalSomee|x86.ActiveCfg = Debug|Any CPU
		{ED50F2E1-5142-436A-9E47-64A5E954D7AA}.Release|Any CPU.ActiveCfg = Release|Any CPU
		{ED50F2E1-5142-436A-9E47-64A5E954D7AA}.Release|Any CPU.Build.0 = Release|Any CPU
		{ED50F2E1-5142-436A-9E47-64A5E954D7AA}.Release|Mixed Platforms.ActiveCfg = Release|Any CPU
		{ED50F2E1-5142-436A-9E47-64A5E954D7AA}.Release|Mixed Platforms.Build.0 = Release|Any CPU
		{ED50F2E1-5142-436A-9E47-64A5E954D7AA}.Release|x86.ActiveCfg = Release|Any CPU
		{14081C14-0821-448F-886F-ABD83B8E7237}.Debug|Any CPU.ActiveCfg = Debug|Any CPU
		{14081C14-0821-448F-886F-ABD83B8E7237}.Debug|Any CPU.Build.0 = Debug|Any CPU
		{14081C14-0821-448F-886F-ABD83B8E7237}.Debug|Mixed Platforms.ActiveCfg = Debug|Any CPU
		{14081C14-0821-448F-886F-ABD83B8E7237}.Debug|Mixed Platforms.Build.0 = Debug|Any CPU
		{14081C14-0821-448F-886F-ABD83B8E7237}.Debug|x86.ActiveCfg = Debug|Any CPU
		{14081C14-0821-448F-886F-ABD83B8E7237}.DebugIISLocal|Any CPU.ActiveCfg = Debug|Any CPU
		{14081C14-0821-448F-886F-ABD83B8E7237}.DebugIISLocal|Any CPU.Build.0 = Debug|Any CPU
		{14081C14-0821-448F-886F-ABD83B8E7237}.DebugIISLocal|Mixed Platforms.ActiveCfg = Debug|Any CPU
		{14081C14-0821-448F-886F-ABD83B8E7237}.DebugIISLocal|Mixed Platforms.Build.0 = Debug|Any CPU
		{14081C14-0821-448F-886F-ABD83B8E7237}.DebugIISLocal|x86.ActiveCfg = Debug|Any CPU
		{14081C14-0821-448F-886F-ABD83B8E7237}.DebugIISSomee|Any CPU.ActiveCfg = Debug|Any CPU
		{14081C14-0821-448F-886F-ABD83B8E7237}.DebugIISSomee|Any CPU.Build.0 = Debug|Any CPU
		{14081C14-0821-448F-886F-ABD83B8E7237}.DebugIISSomee|Mixed Platforms.ActiveCfg = Debug|Any CPU
		{14081C14-0821-448F-886F-ABD83B8E7237}.DebugIISSomee|Mixed Platforms.Build.0 = Debug|Any CPU
		{14081C14-0821-448F-886F-ABD83B8E7237}.DebugIISSomee|x86.ActiveCfg = Debug|Any CPU
		{14081C14-0821-448F-886F-ABD83B8E7237}.DebugLocalSomee|Any CPU.ActiveCfg = Debug|Any CPU
		{14081C14-0821-448F-886F-ABD83B8E7237}.DebugLocalSomee|Any CPU.Build.0 = Debug|Any CPU
		{14081C14-0821-448F-886F-ABD83B8E7237}.DebugLocalSomee|Mixed Platforms.ActiveCfg = Debug|Any CPU
		{14081C14-0821-448F-886F-ABD83B8E7237}.DebugLocalSomee|Mixed Platforms.Build.0 = Debug|Any CPU
		{14081C14-0821-448F-886F-ABD83B8E7237}.DebugLocalSomee|x86.ActiveCfg = Debug|Any CPU
		{14081C14-0821-448F-886F-ABD83B8E7237}.Release|Any CPU.ActiveCfg = Release|Any CPU
		{14081C14-0821-448F-886F-ABD83B8E7237}.Release|Any CPU.Build.0 = Release|Any CPU
		{14081C14-0821-448F-886F-ABD83B8E7237}.Release|Mixed Platforms.ActiveCfg = Release|Any CPU
		{14081C14-0821-448F-886F-ABD83B8E7237}.Release|Mixed Platforms.Build.0 = Release|Any CPU
		{14081C14-0821-448F-886F-ABD83B8E7237}.Release|x86.ActiveCfg = Release|Any CPU
		{75E10916-6E7E-4042-9B5A-BE53BAC74992}.Debug|Any CPU.ActiveCfg = Debug|Any CPU
		{75E10916-6E7E-4042-9B5A-BE53BAC74992}.Debug|Any CPU.Build.0 = Debug|Any CPU
		{75E10916-6E7E-4042-9B5A-BE53BAC74992}.Debug|Mixed Platforms.ActiveCfg = Debug|Any CPU
		{75E10916-6E7E-4042-9B5A-BE53BAC74992}.Debug|Mixed Platforms.Build.0 = Debug|Any CPU
		{75E10916-6E7E-4042-9B5A-BE53BAC74992}.Debug|x86.ActiveCfg = Debug|Any CPU
		{75E10916-6E7E-4042-9B5A-BE53BAC74992}.DebugIISLocal|Any CPU.ActiveCfg = Debug|Any CPU
		{75E10916-6E7E-4042-9B5A-BE53BAC74992}.DebugIISLocal|Any CPU.Build.0 = Debug|Any CPU
		{75E10916-6E7E-4042-9B5A-BE53BAC74992}.DebugIISLocal|Mixed Platforms.ActiveCfg = Debug|Any CPU
		{75E10916-6E7E-4042-9B5A-BE53BAC74992}.DebugIISLocal|Mixed Platforms.Build.0 = Debug|Any CPU
		{75E10916-6E7E-4042-9B5A-BE53BAC74992}.DebugIISLocal|x86.ActiveCfg = Debug|Any CPU
		{75E10916-6E7E-4042-9B5A-BE53BAC74992}.DebugIISSomee|Any CPU.ActiveCfg = Debug|Any CPU
		{75E10916-6E7E-4042-9B5A-BE53BAC74992}.DebugIISSomee|Any CPU.Build.0 = Debug|Any CPU
		{75E10916-6E7E-4042-9B5A-BE53BAC74992}.DebugIISSomee|Mixed Platforms.ActiveCfg = Debug|Any CPU
		{75E10916-6E7E-4042-9B5A-BE53BAC74992}.DebugIISSomee|Mixed Platforms.Build.0 = Debug|Any CPU
		{75E10916-6E7E-4042-9B5A-BE53BAC74992}.DebugIISSomee|x86.ActiveCfg = Debug|Any CPU
		{75E10916-6E7E-4042-9B5A-BE53BAC74992}.DebugLocalSomee|Any CPU.ActiveCfg = Debug|Any CPU
		{75E10916-6E7E-4042-9B5A-BE53BAC74992}.DebugLocalSomee|Any CPU.Build.0 = Debug|Any CPU
		{75E10916-6E7E-4042-9B5A-BE53BAC74992}.DebugLocalSomee|Mixed Platforms.ActiveCfg = Debug|Any CPU
		{75E10916-6E7E-4042-9B5A-BE53BAC74992}.DebugLocalSomee|Mixed Platforms.Build.0 = Debug|Any CPU
		{75E10916-6E7E-4042-9B5A-BE53BAC74992}.DebugLocalSomee|x86.ActiveCfg = Debug|Any CPU
		{75E10916-6E7E-4042-9B5A-BE53BAC74992}.Release|Any CPU.ActiveCfg = Release|Any CPU
		{75E10916-6E7E-4042-9B5A-BE53BAC74992}.Release|Any CPU.Build.0 = Release|Any CPU
		{75E10916-6E7E-4042-9B5A-BE53BAC74992}.Release|Mixed Platforms.ActiveCfg = Release|Any CPU
		{75E10916-6E7E-4042-9B5A-BE53BAC74992}.Release|Mixed Platforms.Build.0 = Release|Any CPU
		{75E10916-6E7E-4042-9B5A-BE53BAC74992}.Release|x86.ActiveCfg = Release|Any CPU
		{D868BCCD-CE6B-4F16-BF86-01DAD979A356}.Debug|Any CPU.ActiveCfg = Debug|x86
		{D868BCCD-CE6B-4F16-BF86-01DAD979A356}.Debug|Mixed Platforms.ActiveCfg = Debug|x86
		{D868BCCD-CE6B-4F16-BF86-01DAD979A356}.Debug|Mixed Platforms.Build.0 = Debug|x86
		{D868BCCD-CE6B-4F16-BF86-01DAD979A356}.Debug|x86.ActiveCfg = Debug|x86
		{D868BCCD-CE6B-4F16-BF86-01DAD979A356}.Debug|x86.Build.0 = Debug|x86
		{D868BCCD-CE6B-4F16-BF86-01DAD979A356}.DebugIISLocal|Any CPU.ActiveCfg = Debug|x86
		{D868BCCD-CE6B-4F16-BF86-01DAD979A356}.DebugIISLocal|Mixed Platforms.ActiveCfg = DebugIISLocal|x86
		{D868BCCD-CE6B-4F16-BF86-01DAD979A356}.DebugIISLocal|Mixed Platforms.Build.0 = DebugIISLocal|x86
		{D868BCCD-CE6B-4F16-BF86-01DAD979A356}.DebugIISLocal|x86.ActiveCfg = Debug|x86
		{D868BCCD-CE6B-4F16-BF86-01DAD979A356}.DebugIISLocal|x86.Build.0 = Debug|x86
		{D868BCCD-CE6B-4F16-BF86-01DAD979A356}.DebugIISSomee|Any CPU.ActiveCfg = Debug|x86
		{D868BCCD-CE6B-4F16-BF86-01DAD979A356}.DebugIISSomee|Mixed Platforms.ActiveCfg = DebugIISSomee|x86
		{D868BCCD-CE6B-4F16-BF86-01DAD979A356}.DebugIISSomee|Mixed Platforms.Build.0 = DebugIISSomee|x86
		{D868BCCD-CE6B-4F16-BF86-01DAD979A356}.DebugIISSomee|x86.ActiveCfg = Debug|x86
		{D868BCCD-CE6B-4F16-BF86-01DAD979A356}.DebugIISSomee|x86.Build.0 = Debug|x86
		{D868BCCD-CE6B-4F16-BF86-01DAD979A356}.DebugLocalSomee|Any CPU.ActiveCfg = Debug|x86
		{D868BCCD-CE6B-4F16-BF86-01DAD979A356}.DebugLocalSomee|Mixed Platforms.ActiveCfg = DebugLocalSomee|x86
		{D868BCCD-CE6B-4F16-BF86-01DAD979A356}.DebugLocalSomee|Mixed Platforms.Build.0 = DebugLocalSomee|x86
		{D868BCCD-CE6B-4F16-BF86-01DAD979A356}.DebugLocalSomee|x86.ActiveCfg = Debug|x86
		{D868BCCD-CE6B-4F16-BF86-01DAD979A356}.DebugLocalSomee|x86.Build.0 = Debug|x86
		{D868BCCD-CE6B-4F16-BF86-01DAD979A356}.Release|Any CPU.ActiveCfg = Release|x86
		{D868BCCD-CE6B-4F16-BF86-01DAD979A356}.Release|Mixed Platforms.ActiveCfg = Release|x86
		{D868BCCD-CE6B-4F16-BF86-01DAD979A356}.Release|Mixed Platforms.Build.0 = Release|x86
		{D868BCCD-CE6B-4F16-BF86-01DAD979A356}.Release|x86.ActiveCfg = Release|x86
		{D868BCCD-CE6B-4F16-BF86-01DAD979A356}.Release|x86.Build.0 = Release|x86
	EndGlobalSection
	GlobalSection(SolutionProperties) = preSolution
		HideSolutionNode = FALSE
	EndGlobalSection
EndGlobal
